
Microsoft Visual Studio Solution File, Format Version 12.00
# Visual Studio Version 17
VisualStudioVersion = 17.9.34607.119
MinimumVisualStudioVersion = 10.0.40219.1
Project("{FAE04EC0-301F-11D3-BF4B-00C04F79EFBC}") = "JogoGourmet", "JogoGourmet\JogoGourmet.csproj", "{CF4BE1A0-873C-4DFB-96C7-7A76FD16F9A4}"
EndProject
Global
	GlobalSection(SolutionConfigurationPlatforms) = preSolution
		Debug|Any CPU = Debug|Any CPU
		Release|Any CPU = Release|Any CPU
	EndGlobalSection
	GlobalSection(ProjectConfigurationPlatforms) = postSolution
		{CF4BE1A0-873C-4DFB-96C7-7A76FD16F9A4}.Debug|Any CPU.ActiveCfg = Debug|Any CPU
		{CF4BE1A0-873C-4DFB-96C7-7A76FD16F9A4}.Debug|Any CPU.Build.0 = Debug|Any CPU
		{CF4BE1A0-873C-4DFB-96C7-7A76FD16F9A4}.Release|Any CPU.ActiveCfg = Release|Any CPU
		{CF4BE1A0-873C-4DFB-96C7-7A76FD16F9A4}.Release|Any CPU.Build.0 = Release|Any CPU
	EndGlobalSection
	GlobalSection(SolutionProperties) = preSolution
		HideSolutionNode = FALSE
	EndGlobalSection
	GlobalSection(ExtensibilityGlobals) = postSolution
		SolutionGuid = {7AD23967-9A99-4BBD-BB7B-39BB2C98146D}
	EndGlobalSection
EndGlobal
